
Microsoft Visual Studio Solution File, Format Version 12.00
# Visual Studio 14
VisualStudioVersion = 14.0.25123.0
MinimumVisualStudioVersion = 10.0.40219.1
Project("{FAE04EC0-301F-11D3-BF4B-00C04F79EFBC}") = "BookingBlock.WebApplication", "BookingBlock.WebApplication\BookingBlock.WebApplication.csproj", "{729C929B-1A56-4F65-8909-8453C30315AD}"
EndProject
Project("{FAE04EC0-301F-11D3-BF4B-00C04F79EFBC}") = "BookingBlock.WebApi", "BookingBlock.WebApi\BookingBlock.WebApi.csproj", "{6BB9D999-58C2-4850-8AD0-1E993283AF88}"
EndProject
Project("{FAE04EC0-301F-11D3-BF4B-00C04F79EFBC}") = "BookingBlock.WebApi.Client", "BookingBlock.WebApi.Client\BookingBlock.WebApi.Client.csproj", "{F042A605-0E93-4B11-A5DF-BFA399329A98}"
EndProject
Project("{FAE04EC0-301F-11D3-BF4B-00C04F79EFBC}") = "BookingBlock.WebApi.TestApplication", "BookingBlock.WebApi.TestApplication\BookingBlock.WebApi.TestApplication.csproj", "{377262F1-30D2-4601-9D3B-C1D6AC5EAFBB}"
EndProject
Project("{FAE04EC0-301F-11D3-BF4B-00C04F79EFBC}") = "BookingBlock.EntityFramework", "BookingBlock.EntityFramework\BookingBlock.EntityFramework.csproj", "{6757B79C-670A-48AA-A561-C9C431CDC56B}"
EndProject
Project("{FAE04EC0-301F-11D3-BF4B-00C04F79EFBC}") = "BookingBlock.Identity", "BookingBlock.Identity\BookingBlock.Identity.csproj", "{4A0DF9EE-2D52-45E7-878F-8CE2F0905074}"
EndProject
Global
	GlobalSection(SolutionConfigurationPlatforms) = preSolution
		Debug|Any CPU = Debug|Any CPU
		Release|Any CPU = Release|Any CPU
	EndGlobalSection
	GlobalSection(ProjectConfigurationPlatforms) = postSolution
		{729C929B-1A56-4F65-8909-8453C30315AD}.Debug|Any CPU.ActiveCfg = Debug|Any CPU
		{729C929B-1A56-4F65-8909-8453C30315AD}.Debug|Any CPU.Build.0 = Debug|Any CPU
		{729C929B-1A56-4F65-8909-8453C30315AD}.Release|Any CPU.ActiveCfg = Release|Any CPU
		{729C929B-1A56-4F65-8909-8453C30315AD}.Release|Any CPU.Build.0 = Release|Any CPU
		{6BB9D999-58C2-4850-8AD0-1E993283AF88}.Debug|Any CPU.ActiveCfg = Debug|Any CPU
		{6BB9D999-58C2-4850-8AD0-1E993283AF88}.Debug|Any CPU.Build.0 = Debug|Any CPU
		{6BB9D999-58C2-4850-8AD0-1E993283AF88}.Release|Any CPU.ActiveCfg = Release|Any CPU
		{6BB9D999-58C2-4850-8AD0-1E993283AF88}.Release|Any CPU.Build.0 = Release|Any CPU
		{F042A605-0E93-4B11-A5DF-BFA399329A98}.Debug|Any CPU.ActiveCfg = Debug|Any CPU
		{F042A605-0E93-4B11-A5DF-BFA399329A98}.Debug|Any CPU.Build.0 = Debug|Any CPU
		{F042A605-0E93-4B11-A5DF-BFA399329A98}.Release|Any CPU.ActiveCfg = Release|Any CPU
		{F042A605-0E93-4B11-A5DF-BFA399329A98}.Release|Any CPU.Build.0 = Release|Any CPU
		{377262F1-30D2-4601-9D3B-C1D6AC5EAFBB}.Debug|Any CPU.ActiveCfg = Debug|Any CPU
		{377262F1-30D2-4601-9D3B-C1D6AC5EAFBB}.Debug|Any CPU.Build.0 = Debug|Any CPU
		{377262F1-30D2-4601-9D3B-C1D6AC5EAFBB}.Release|Any CPU.ActiveCfg = Release|Any CPU
		{377262F1-30D2-4601-9D3B-C1D6AC5EAFBB}.Release|Any CPU.Build.0 = Release|Any CPU
		{6757B79C-670A-48AA-A561-C9C431CDC56B}.Debug|Any CPU.ActiveCfg = Debug|Any CPU
		{6757B79C-670A-48AA-A561-C9C431CDC56B}.Debug|Any CPU.Build.0 = Debug|Any CPU
		{6757B79C-670A-48AA-A561-C9C431CDC56B}.Release|Any CPU.ActiveCfg = Release|Any CPU
		{6757B79C-670A-48AA-A561-C9C431CDC56B}.Release|Any CPU.Build.0 = Release|Any CPU
		{4A0DF9EE-2D52-45E7-878F-8CE2F0905074}.Debug|Any CPU.ActiveCfg = Debug|Any CPU
		{4A0DF9EE-2D52-45E7-878F-8CE2F0905074}.Debug|Any CPU.Build.0 = Debug|Any CPU
		{4A0DF9EE-2D52-45E7-878F-8CE2F0905074}.Release|Any CPU.ActiveCfg = Release|Any CPU
		{4A0DF9EE-2D52-45E7-878F-8CE2F0905074}.Release|Any CPU.Build.0 = Release|Any CPU
	EndGlobalSection
	GlobalSection(SolutionProperties) = preSolution
		HideSolutionNode = FALSE
	EndGlobalSection
EndGlobal
